{
  "version": 4,
  "terraform_version": "1.3.6",
  "serial": 283,
  "lineage": "8533b243-e46f-5ab2-0dd4-93a5d3d8985f",
  "outputs": {
    "output_image_id": {
      "value": "4a658329-66fc-486e-b9b6-73b7f165d00f",
      "type": "string"
    },
    "output_image_name": {
      "value": "CentOS 7.9",
      "type": "string"
    },
    "ssh_file": {
      "value": "./ex-vm-terraform.pem",
      "type": "string"
    }
  },
  "resources": [
    {
      "mode": "data",
      "type": "openstack_identity_auth_scope_v3",
      "name": "current",
      "provider": "provider[\"registry.terraform.io/terraform-provider-openstack/openstack\"]",
      "instances": [
        {
          "schema_version": 0,
          "attributes": {
            "domain_id": "",
            "domain_name": "",
            "id": "current",
            "name": "current",
            "project_domain_id": "91c77647d41747d79de02f51dc82b576",
            "project_domain_name": "kic-edu",
            "project_id": "a103bfeb3e2643b6889d4d855ff63eee",
            "project_name": "edu-project-27",
            "region": "kr-central-1",
            "roles": [
              {
                "role_id": "4ce45745bbaf42d09ea3fadcda0799c0",
                "role_name": "member"
              },
              {
                "role_id": "54245ce337294c4890de404305ee1a54",
                "role_name": "reader"
              },
              {
                "role_id": "c5f7f8a62de74675893681d59ac8db9b",
                "role_name": "load-balancer_member"
              },
              {
                "role_id": "fb3e663fadd540ab9da45442d47f04e9",
                "role_name": "admin"
              }
            ],
            "service_catalog": [
              {
                "endpoints": [
                  {
                    "id": "685ca49e68784ff592dadd715681ddde",
                    "interface": "public",
                    "region": "kr-central-2",
                    "region_id": "kr-central-2",
                    "url": "https://dns.kr-central-2.kakaoi.io/"
                  },
                  {
                    "id": "ee371fc459fc4d86a9ab13bbdf56a6d0",
                    "interface": "public",
                    "region": "kr-central-1",
                    "region_id": "kr-central-1",
                    "url": "https://dns.kr-central-1.kakaoi.io/"
                  }
                ],
                "id": "01e74ff226b54f388bddefa98849f590",
                "name": "designate",
                "type": "dns"
              },
              {
                "endpoints": [
                  {
                    "id": "878489f15d00463f8ad8ebca454061d1",
                    "interface": "public",
                    "region": "kr-central-2",
                    "region_id": "kr-central-2",
                    "url": "https://load-balancer.kr-central-2.kakaoi.io/"
                  },
                  {
                    "id": "a216ad2417b54c87927b799025efb02d",
                    "interface": "public",
                    "region": "kr-central-1",
                    "region_id": "kr-central-1",
                    "url": "https://load-balancer.kr-central-1.kakaoi.io/"
                  }
                ],
                "id": "15567dd96d3648cc8d92adbeabde9b6d",
                "name": "octavia",
                "type": "load-balancer"
              },
              {
                "endpoints": [
                  {
                    "id": "5a4d3a37347b4dbf8bb88c52ebd0a40d",
                    "interface": "public",
                    "region": "kr-central-1",
                    "region_id": "kr-central-1",
                    "url": "https://key-manager.kr-central-1.kakaoi.io/"
                  },
                  {
                    "id": "ab50fd6de1c543aeacc5d8ac1a7db6e7",
                    "interface": "public",
                    "region": "kr-central-2",
                    "region_id": "kr-central-2",
                    "url": "https://key-manager.kr-central-2.kakaoi.io/"
                  }
                ],
                "id": "30f294f8d5fb4a7abd90beaadcff76da",
                "name": "barbican",
                "type": "key-manager"
              },
              {
                "endpoints": [
                  {
                    "id": "566dd677194b451fada8ce3cde0a1265",
                    "interface": "public",
                    "region": "kr-central-1",
                    "region_id": "kr-central-1",
                    "url": "https://network.kr-central-1.kakaoi.io/"
                  },
                  {
                    "id": "c5462067d1354c07ba22289d71cce850",
                    "interface": "public",
                    "region": "kr-central-2",
                    "region_id": "kr-central-2",
                    "url": "https://network.kr-central-2.kakaoi.io/"
                  }
                ],
                "id": "34e2897d0b8b4220b6df03ff33305033",
                "name": "neutron",
                "type": "network"
              },
              {
                "endpoints": [
                  {
                    "id": "86e8da62ed1040209e670ef2d206fcde",
                    "interface": "public",
                    "region": "kr-central-2",
                    "region_id": "kr-central-2",
                    "url": "https://image.kr-central-2.kakaoi.io/"
                  },
                  {
                    "id": "a420b1d564974fa4a63653512423c571",
                    "interface": "public",
                    "region": "kr-central-1",
                    "region_id": "kr-central-1",
                    "url": "https://image.kr-central-1.kakaoi.io/"
                  }
                ],
                "id": "4028ded8a627468eb97a3d1f6c096e9e",
                "name": "glance",
                "type": "image"
              },
              {
                "endpoints": [
                  {
                    "id": "59f02a4d68914f708b1ec98bc24df659",
                    "interface": "public",
                    "region": "kr-central-1",
                    "region_id": "kr-central-1",
                    "url": "https://identity.kr-central-1.kakaoi.io/v3"
                  },
                  {
                    "id": "b6ba3d00fa9f40809ec7355e3b2344ba",
                    "interface": "public",
                    "region": "kr-central-2",
                    "region_id": "kr-central-2",
                    "url": "https://identity.kr-central-2.kakaoi.io/v3"
                  }
                ],
                "id": "4d1fe04a48d24100a85f322523f614b6",
                "name": "keystone",
                "type": "identity"
              },
              {
                "endpoints": [
                  {
                    "id": "7a2038866cbd448680569eb67c9e5a3b",
                    "interface": "public",
                    "region": "kr-central-1",
                    "region_id": "kr-central-1",
                    "url": "https://compute.kr-central-1.kakaoi.io/v2.1/a103bfeb3e2643b6889d4d855ff63eee"
                  },
                  {
                    "id": "7ee9c7ae635a4485908c69cf48a79aaa",
                    "interface": "public",
                    "region": "kr-central-2",
                    "region_id": "kr-central-2",
                    "url": "https://compute.kr-central-2.kakaoi.io/v2.1/a103bfeb3e2643b6889d4d855ff63eee"
                  }
                ],
                "id": "80e6dc9c42b149beb1987a05a8073f8e",
                "name": "nova",
                "type": "compute"
              },
              {
                "endpoints": [
                  {
                    "id": "5994bd371eda4777a18be21c747b1447",
                    "interface": "public",
                    "region": "kr-central-1",
                    "region_id": "kr-central-1",
                    "url": "https://placement.kr-central-1.kakaoi.io/"
                  },
                  {
                    "id": "96148c0b3fcb4e78852a7147047037e4",
                    "interface": "public",
                    "region": "kr-central-2",
                    "region_id": "kr-central-2",
                    "url": "https://placement.kr-central-2.kakaoi.io/"
                  }
                ],
                "id": "882c6c1d74aa4bb7b2fd4d61db096add",
                "name": "placement",
                "type": "placement"
              },
              {
                "endpoints": [
                  {
                    "id": "9325f23977db4f90bd42361133d75b60",
                    "interface": "public",
                    "region": "kr-central-1",
                    "region_id": "kr-central-1",
                    "url": "https://baremetal.kr-central-1.kakaoi.in/"
                  },
                  {
                    "id": "bed587d3887146e781661bbae9ec2ef7",
                    "interface": "public",
                    "region": "kr-central-2",
                    "region_id": "kr-central-2",
                    "url": "https://baremetal.kr-central-2.kakaoi.in/"
                  }
                ],
                "id": "8a0e0c0be3854d7da810e9e11a1b61c0",
                "name": "ironic",
                "type": "baremetal"
              },
              {
                "endpoints": [
                  {
                    "id": "7eed715d765e4db9a190ae94327cb697",
                    "interface": "public",
                    "region": "kr-central-1",
                    "region_id": "kr-central-1",
                    "url": "https://objectstorage.kr-central-1.kakaoi.io/v1/a103bfeb3e2643b6889d4d855ff63eee"
                  },
                  {
                    "id": "a64105db2c9849bda946f25d3340bcc1",
                    "interface": "public",
                    "region": "kr-central-2",
                    "region_id": "kr-central-2",
                    "url": "https://objectstorage.kr-central-2.kakaoi.io/v1/a103bfeb3e2643b6889d4d855ff63eee"
                  }
                ],
                "id": "8d77cee27de540aa92b505d69ac08fda",
                "name": "swift",
                "type": "object-store"
              },
              {
                "endpoints": [
                  {
                    "id": "38171e46d8f24d808656f650763e2e31",
                    "interface": "public",
                    "region": "kr-central-1",
                    "region_id": "kr-central-1",
                    "url": "https://orchestration.kr-central-1.kakaoi.in/v1/a103bfeb3e2643b6889d4d855ff63eee"
                  },
                  {
                    "id": "41426f7e3da144fc83904a3f8d8055dd",
                    "interface": "public",
                    "region": "kr-central-2",
                    "region_id": "kr-central-2",
                    "url": "https://orchestration.kr-central-2.kakaoi.in/v1/a103bfeb3e2643b6889d4d855ff63eee"
                  }
                ],
                "id": "b6783904c05e4ec88e95dd0c88c50839",
                "name": "heat",
                "type": "orchestration"
              },
              {
                "endpoints": [
                  {
                    "id": "812b87e6a97f4539a80d4f761124c2ba",
                    "interface": "public",
                    "region": "kr-central-2",
                    "region_id": "kr-central-2",
                    "url": "https://clustering.kr-central-2.kakaoi.in/"
                  },
                  {
                    "id": "9610ae7384c4484299df2f412cc980b2",
                    "interface": "public",
                    "region": "kr-central-1",
                    "region_id": "kr-central-1",
                    "url": "https://clustering.kr-central-1.kakaoi.in/"
                  }
                ],
                "id": "cdce4d0cbf804e8882068dcfd15aed0e",
                "name": "senlin",
                "type": "clustering"
              },
              {
                "endpoints": [
                  {
                    "id": "220f017eaac84578a43b141ce744a81d",
                    "interface": "public",
                    "region": "kr-central-2",
                    "region_id": "kr-central-2",
                    "url": "https://volume.kr-central-2.kakaoi.io/v3/a103bfeb3e2643b6889d4d855ff63eee"
                  },
                  {
                    "id": "7d5d5e8e0aaf495dbb6ae44c8f252bf7",
                    "interface": "public",
                    "region": "kr-central-1",
                    "region_id": "kr-central-1",
                    "url": "https://volume.kr-central-1.kakaoi.io/v3/a103bfeb3e2643b6889d4d855ff63eee"
                  }
                ],
                "id": "e68a5cbd22af414e9b381b337668739a",
                "name": "cinderv3",
                "type": "volumev3"
              }
            ],
            "user_domain_id": "91c77647d41747d79de02f51dc82b576",
            "user_domain_name": "kic-edu",
            "user_id": "902fe1fdb28244f99906c6a5aedbca94",
            "user_name": "lena.o@kakaoenterprise.com"
          },
          "sensitive_attributes": []
        }
      ]
    },
    {
      "mode": "data",
      "type": "openstack_images_image_v2",
      "name": "default_image",
      "provider": "provider[\"registry.terraform.io/terraform-provider-openstack/openstack\"]",
      "instances": [
        {
          "schema_version": 0,
          "attributes": {
            "checksum": "e3293becd513f420a968dd9f646937d8",
            "container_format": "bare",
            "created_at": "2021-11-23T12:00:07Z",
            "disk_format": "qcow2",
            "file": "/v2/images/4a658329-66fc-486e-b9b6-73b7f165d00f/file",
            "hidden": false,
            "id": "4a658329-66fc-486e-b9b6-73b7f165d00f",
            "member_status": null,
            "metadata": {},
            "min_disk_gb": 8,
            "min_ram_mb": 0,
            "most_recent": false,
            "name": "CentOS 7.9",
            "owner": "faadcbd4ea464395b3d5d66bfc01c291",
            "properties": {
              "available_service": "all",
              "description": "CentOS 7.9 for Virtual Machine",
              "hw_vif_multiqueue_enabled": "true",
              "instance_type": "vm",
              "os_admin": "centos",
              "os_distro": "centos",
              "os_hash_algo": "sha512",
              "os_hash_value": "bb50acec03a343c46f5e1234cd6194ab7c036a65f809ac4d00985099e30dd2055ec1f19dc28993cfe049968ba7fa1e40170c773081abf20d2c19bdbe7a9ff9a2",
              "os_market": "False",
              "os_version": "7",
              "owner_specified.openstack.md5": "",
              "owner_specified.openstack.object": "images/CentOS7.9-public-image-211123",
              "owner_specified.openstack.sha256": ""
            },
            "protected": true,
            "region": "kr-central-1",
            "schema": "/v2/schemas/image",
            "size_bytes": 1188167680,
            "size_max": null,
            "size_min": null,
            "sort_direction": "asc",
            "sort_key": "name",
            "tag": null,
            "tags": [],
            "updated_at": "2022-04-28T01:11:45Z",
            "visibility": "public"
          },
          "sensitive_attributes": []
        }
      ]
    },
    {
      "mode": "data",
      "type": "openstack_networking_network_v2",
      "name": "default_network",
      "provider": "provider[\"registry.terraform.io/terraform-provider-openstack/openstack\"]",
      "instances": [
        {
          "schema_version": 0,
          "attributes": {
            "admin_state_up": "true",
            "all_tags": [],
            "availability_zone_hints": [
              "kr-central-1-a"
            ],
            "description": "",
            "dns_domain": "",
            "external": false,
            "id": "cf859fde-8d6b-43ff-b795-43f4b8dedae6",
            "matching_subnet_cidr": "172.16.131.0/24",
            "mtu": 1500,
            "name": "edu-subnet-web_45f7ee44-64b8-4cdb-812c-b5456ee98877",
            "network_id": null,
            "region": "kr-central-1",
            "shared": "true",
            "status": null,
            "subnets": [
              "e26baa8a-1ed1-45e0-aaae-c8c0ce6971f3"
            ],
            "tags": null,
            "tenant_id": "c633dd67b01046b2aa98f605fbed279e",
            "transparent_vlan": false
          },
          "sensitive_attributes": []
        }
      ]
    },
    {
      "mode": "data",
      "type": "openstack_networking_network_v2",
      "name": "floating_network",
      "provider": "provider[\"registry.terraform.io/terraform-provider-openstack/openstack\"]",
      "instances": [
        {
          "schema_version": 0,
          "attributes": {
            "admin_state_up": "true",
            "all_tags": [],
            "availability_zone_hints": [
              "kr-central-1-a"
            ],
            "description": "",
            "dns_domain": "",
            "external": false,
            "id": "041ff088-b792-41cb-8ad4-72bd0d1a3814",
            "matching_subnet_cidr": null,
            "mtu": 1500,
            "name": "8a21053e-476e-46ed-a4ff-cdcc571b3389",
            "network_id": null,
            "region": "kr-central-1",
            "shared": "false",
            "status": null,
            "subnets": [
              "be4c3856-1414-4ce4-a3da-4e8656c366e5"
            ],
            "tags": null,
            "tenant_id": "b66d817f382a42f6b41f133712879463",
            "transparent_vlan": false
          },
          "sensitive_attributes": []
        }
      ]
    },
    {
      "mode": "data",
      "type": "openstack_networking_subnet_v2",
      "name": "default_subnet",
      "provider": "provider[\"registry.terraform.io/terraform-provider-openstack/openstack\"]",
      "instances": [
        {
          "schema_version": 0,
          "attributes": {
            "all_tags": [],
            "allocation_pools": [
              {
                "end": "172.16.131.254",
                "start": "172.16.131.4"
              }
            ],
            "cidr": "172.16.131.0/24",
            "description": "",
            "dhcp_disabled": null,
            "dhcp_enabled": null,
            "dns_nameservers": [
              "1.0.0.1",
              "1.1.1.1"
            ],
            "enable_dhcp": true,
            "gateway_ip": "172.16.131.1",
            "host_routes": [],
            "id": "e26baa8a-1ed1-45e0-aaae-c8c0ce6971f3",
            "ip_version": 4,
            "ipv6_address_mode": "",
            "ipv6_ra_mode": "",
            "name": "edu-subnet-web_45f7ee44-64b8-4cdb-812c-b5456ee98877",
            "network_id": "cf859fde-8d6b-43ff-b795-43f4b8dedae6",
            "region": "kr-central-1",
            "service_types": [],
            "subnet_id": null,
            "subnetpool_id": "fb179b3e-e898-4713-81ea-bbbc95898909",
            "tags": null,
            "tenant_id": "c633dd67b01046b2aa98f605fbed279e"
          },
          "sensitive_attributes": []
        }
      ]
    },
    {
      "mode": "managed",
      "type": "local_file",
      "name": "key",
      "provider": "provider[\"registry.terraform.io/hashicorp/local\"]",
      "instances": [
        {
          "schema_version": 0,
          "attributes": {
            "content": "-----BEGIN RSA PRIVATE KEY-----\nMIIEowIBAAKCAQEA2vOD5xk3mYknnd8AN6d7IuFYVjBCs6rjISwZMr7D+5Q4gyFF\nj+3vdxkhy+3OWjt8ysy/VYwU24pnnAu+WLZGY/rpjU7TYcVWH7sRwXLp5xoVavGd\nEM764hAfy081Rbs52f6ShU2qqpI2gLu3kyEaunX2ahReyMxqg9hT1R0wzxFSmN5s\nO7VXUWpXIPO3d/IJbkkUOm+2LQV0dBHA3qALaXwn1FV6iKWdYUGAcb5uNxTea2Iq\n5UfLu8eZ44561OTml/tnJWG9Ic3PmIl+CE3xg3XN5YijbFK8q+dL3xEX5VBaukMx\nCWRKViVM5nnA1Tvk4GmxTIPr6UCRfXHuxUXRRwIDAQABAoIBAQCpAUzwZmOnbNoa\nnxaQ3wNKYj0Ikkn6W07kvSBaLiwjFj8k4NrMBXJRMSIIQnCE7+Qcujx6cR1sdQIS\nznHIEjJ1XClI/O5nSqZ26bQD6Yqo61Za7VM6tTmso5uXGHXbdHBsV3eL0+6HqULO\nzZcex2/VO9bP/RdI0ZjqWmIjX1vciGnCZbFB8oUOuVhEr2tBYhn+cT9k9EGk2nIc\ngltFP2XzN446ogmu/LJzjenrrlWGiS7ZCw1c1wUHYCPWEugHP8kPFeQCWqSJ6z1q\nMKDHVEHbcGMUs1twZFsLDXuB4RJB2KdcGL7QyuEagAUGncuhG2FmXfWIlh75DvEz\nrenaWQP5AoGBAPXfVg5goPBHw9O/Gx7IGamumTIqx4LasR0Yvna9aQ0wIK3LSB/6\nciKIDQ3AttdYeSTkof814f2npY/F6iXij1dv8xx7Yhhzv4G+BdGH6UHBL4b+jhzG\nWSomdGqE/e6ctU7pEZcypl4swqgzI5JG/TmHSU42Ee+foZAN9PpAMZAFAoGBAOP4\nTUvOda/t3u8KgHygfqCsYn4HCRpIABZx3i8AfqZmRHqoJ91Tdf55HNFWMiNBigqD\nz5vDNoeWc8//uE99kntpHeuN2naznQ/HOSGraHsmieoGW2ucYth3d/+u5cMUlAQV\n+gvWA8OjvVd1If7uUe1nwT5R2m7naSOusweoXLnbAoGAVn+LtuMnu2CD9Cp3UAz1\nekyCeLO0HMTzKllaKEvaeVlFJd8uMJHbNWrHrN7vdDMb627DzxUVvDcOd9YY2dsq\nsogf7xU5HYEbDnnbcituVEOyhLtpI5ZkJ///VLoU260l2+0C0z5uaRM2KBZVnVB8\nJZECqRE8niB6pkNCvAd5aEECgYAEsGLGoGSDTd08BXdHGPYB0AnmlbZ2N+zoiUcM\nqHHyckAOVc8cGk9fAJa7J464cuyn8rYeehFxEIMpUBU2bVrJ9wuKgMxxjJg6btqZ\n+rCXd992VNMkj37o/OwW8j3/mTjCLMGL5McHCyMl3V7po3VD8NJkucJIbbIX7cv4\n6Fmf6QKBgFGuJxQIWGuNH3obe94fy4/MNUmkKWP5ujO/7OwaRzi8ugPZrgoNFIsB\nPj1W2PXg65zNI4m3d7WW4M3wJWqA0fnwyq0GQZQsEb5id6yqYadUA9idLQnpUOeK\n0wJDIqPoTZ7Ty2kk1zs8/P1A7syBNn5f6SR/eyajfgFT2XSDRDut\n-----END RSA PRIVATE KEY-----\n",
            "content_base64": null,
            "directory_permission": "0777",
            "file_permission": "0600",
            "filename": "./ex-vm-terraform.pem",
            "id": "fe922c1cdfdd445a9bf244644039f72424602101",
            "sensitive_content": null,
            "source": null
          },
          "sensitive_attributes": [],
          "private": "bnVsbA==",
          "dependencies": [
            "openstack_compute_keypair_v2.test-keypair"
          ]
        }
      ]
    },
    {
      "mode": "managed",
      "type": "openstack_blockstorage_volume_v3",
      "name": "volume",
      "provider": "provider[\"registry.terraform.io/terraform-provider-openstack/openstack\"]",
      "instances": [
        {
          "schema_version": 0,
          "attributes": {
            "attachment": [],
            "availability_zone": "kr-central-1-a",
            "consistency_group_id": null,
            "description": "first test volume",
            "enable_online_resize": null,
            "id": "12d4bb17-324b-4c48-b30d-b9bc32831da0",
            "image_id": null,
            "metadata": {},
            "multiattach": null,
            "name": "test-volume",
            "region": "kr-central-1",
            "scheduler_hints": [],
            "size": 3,
            "snapshot_id": "",
            "source_replica": null,
            "source_vol_id": "",
            "timeouts": null,
            "volume_type": "gp1"
          },
          "sensitive_attributes": [],
          "private": "eyJlMmJmYjczMC1lY2FhLTExZTYtOGY4OC0zNDM2M2JjN2M0YzAiOnsiY3JlYXRlIjo2MDAwMDAwMDAwMDAsImRlbGV0ZSI6NjAwMDAwMDAwMDAwfX0="
        }
      ]
    },
    {
      "mode": "managed",
      "type": "openstack_compute_instance_v2",
      "name": "instance",
      "provider": "provider[\"registry.terraform.io/terraform-provider-openstack/openstack\"]",
      "instances": [
        {
          "schema_version": 0,
          "attributes": {
            "access_ip_v4": "172.16.131.155",
            "access_ip_v6": "",
            "admin_pass": null,
            "all_metadata": {},
            "all_tags": [],
            "availability_zone": "kr-central-1-a",
            "availability_zone_hints": null,
            "block_device": [
              {
                "boot_index": 0,
                "delete_on_termination": false,
                "destination_type": "local",
                "device_type": "",
                "disk_bus": "",
                "guest_format": "",
                "source_type": "image",
                "uuid": "4a658329-66fc-486e-b9b6-73b7f165d00f",
                "volume_size": 0,
                "volume_type": ""
              },
              {
                "boot_index": 1,
                "delete_on_termination": true,
                "destination_type": "volume",
                "device_type": "",
                "disk_bus": "",
                "guest_format": "",
                "source_type": "blank",
                "uuid": "",
                "volume_size": 3,
                "volume_type": ""
              }
            ],
            "config_drive": null,
            "created": "2023-01-04 09:08:20 +0000 UTC",
            "flavor_id": "caf7cf76-2bca-488a-b970-55ab3c2d3042",
            "flavor_name": "a1-2-co",
            "floating_ip": null,
            "force_delete": false,
            "id": "206c95c8-f904-4c3f-a2c0-3f692379d63d",
            "image_id": "4a658329-66fc-486e-b9b6-73b7f165d00f",
            "image_name": "CentOS 7.9",
            "key_pair": "my-keypair",
            "metadata": null,
            "name": "lena-tf-instance",
            "network": [
              {
                "access_network": false,
                "fixed_ip_v4": "172.16.131.155",
                "fixed_ip_v6": "",
                "floating_ip": "",
                "mac": "fa:16:3e:8b:42:91",
                "name": "edu-subnet-web_45f7ee44-64b8-4cdb-812c-b5456ee98877",
                "port": "a3ded84b-a0b1-4658-9b9c-03d9e361fbe2",
                "uuid": "cf859fde-8d6b-43ff-b795-43f4b8dedae6"
              }
            ],
            "network_mode": null,
            "personality": [],
            "power_state": "active",
            "region": "kr-central-1",
            "scheduler_hints": [],
            "security_groups": [
              "lena-tf-instance"
            ],
            "stop_before_destroy": false,
            "tags": null,
            "timeouts": null,
            "updated": "2023-01-04 09:08:46 +0000 UTC",
            "user_data": null,
            "vendor_options": [],
            "volume": []
          },
          "sensitive_attributes": [],
          "private": "eyJlMmJmYjczMC1lY2FhLTExZTYtOGY4OC0zNDM2M2JjN2M0YzAiOnsiY3JlYXRlIjoxODAwMDAwMDAwMDAwLCJkZWxldGUiOjE4MDAwMDAwMDAwMDAsInVwZGF0ZSI6MTgwMDAwMDAwMDAwMH19",
          "dependencies": [
            "data.openstack_images_image_v2.default_image",
            "data.openstack_networking_network_v2.default_network",
            "openstack_blockstorage_volume_v3.volume",
            "openstack_compute_keypair_v2.test-keypair",
            "openstack_networking_port_v2.instance",
            "openstack_networking_secgroup_v2.instance"
          ]
        }
      ]
    },
    {
      "mode": "managed",
      "type": "openstack_compute_keypair_v2",
      "name": "test-keypair",
      "provider": "provider[\"registry.terraform.io/terraform-provider-openstack/openstack\"]",
      "instances": [
        {
          "schema_version": 0,
          "attributes": {
            "fingerprint": "6b:eb:6b:0f:c5:06:f4:4e:15:14:ba:eb:09:8e:a0:67",
            "id": "my-keypair",
            "name": "my-keypair",
            "private_key": "-----BEGIN RSA PRIVATE KEY-----\nMIIEowIBAAKCAQEA2vOD5xk3mYknnd8AN6d7IuFYVjBCs6rjISwZMr7D+5Q4gyFF\nj+3vdxkhy+3OWjt8ysy/VYwU24pnnAu+WLZGY/rpjU7TYcVWH7sRwXLp5xoVavGd\nEM764hAfy081Rbs52f6ShU2qqpI2gLu3kyEaunX2ahReyMxqg9hT1R0wzxFSmN5s\nO7VXUWpXIPO3d/IJbkkUOm+2LQV0dBHA3qALaXwn1FV6iKWdYUGAcb5uNxTea2Iq\n5UfLu8eZ44561OTml/tnJWG9Ic3PmIl+CE3xg3XN5YijbFK8q+dL3xEX5VBaukMx\nCWRKViVM5nnA1Tvk4GmxTIPr6UCRfXHuxUXRRwIDAQABAoIBAQCpAUzwZmOnbNoa\nnxaQ3wNKYj0Ikkn6W07kvSBaLiwjFj8k4NrMBXJRMSIIQnCE7+Qcujx6cR1sdQIS\nznHIEjJ1XClI/O5nSqZ26bQD6Yqo61Za7VM6tTmso5uXGHXbdHBsV3eL0+6HqULO\nzZcex2/VO9bP/RdI0ZjqWmIjX1vciGnCZbFB8oUOuVhEr2tBYhn+cT9k9EGk2nIc\ngltFP2XzN446ogmu/LJzjenrrlWGiS7ZCw1c1wUHYCPWEugHP8kPFeQCWqSJ6z1q\nMKDHVEHbcGMUs1twZFsLDXuB4RJB2KdcGL7QyuEagAUGncuhG2FmXfWIlh75DvEz\nrenaWQP5AoGBAPXfVg5goPBHw9O/Gx7IGamumTIqx4LasR0Yvna9aQ0wIK3LSB/6\nciKIDQ3AttdYeSTkof814f2npY/F6iXij1dv8xx7Yhhzv4G+BdGH6UHBL4b+jhzG\nWSomdGqE/e6ctU7pEZcypl4swqgzI5JG/TmHSU42Ee+foZAN9PpAMZAFAoGBAOP4\nTUvOda/t3u8KgHygfqCsYn4HCRpIABZx3i8AfqZmRHqoJ91Tdf55HNFWMiNBigqD\nz5vDNoeWc8//uE99kntpHeuN2naznQ/HOSGraHsmieoGW2ucYth3d/+u5cMUlAQV\n+gvWA8OjvVd1If7uUe1nwT5R2m7naSOusweoXLnbAoGAVn+LtuMnu2CD9Cp3UAz1\nekyCeLO0HMTzKllaKEvaeVlFJd8uMJHbNWrHrN7vdDMb627DzxUVvDcOd9YY2dsq\nsogf7xU5HYEbDnnbcituVEOyhLtpI5ZkJ///VLoU260l2+0C0z5uaRM2KBZVnVB8\nJZECqRE8niB6pkNCvAd5aEECgYAEsGLGoGSDTd08BXdHGPYB0AnmlbZ2N+zoiUcM\nqHHyckAOVc8cGk9fAJa7J464cuyn8rYeehFxEIMpUBU2bVrJ9wuKgMxxjJg6btqZ\n+rCXd992VNMkj37o/OwW8j3/mTjCLMGL5McHCyMl3V7po3VD8NJkucJIbbIX7cv4\n6Fmf6QKBgFGuJxQIWGuNH3obe94fy4/MNUmkKWP5ujO/7OwaRzi8ugPZrgoNFIsB\nPj1W2PXg65zNI4m3d7WW4M3wJWqA0fnwyq0GQZQsEb5id6yqYadUA9idLQnpUOeK\n0wJDIqPoTZ7Ty2kk1zs8/P1A7syBNn5f6SR/eyajfgFT2XSDRDut\n-----END RSA PRIVATE KEY-----\n",
            "public_key": "ssh-rsa AAAAB3NzaC1yc2EAAAADAQABAAABAQDa84PnGTeZiSed3wA3p3si4VhWMEKzquMhLBkyvsP7lDiDIUWP7e93GSHL7c5aO3zKzL9VjBTbimecC75YtkZj+umNTtNhxVYfuxHBcunnGhVq8Z0QzvriEB/LTzVFuznZ/pKFTaqqkjaAu7eTIRq6dfZqFF7IzGqD2FPVHTDPEVKY3mw7tVdRalcg87d38gluSRQ6b7YtBXR0EcDeoAtpfCfUVXqIpZ1hQYBxvm43FN5rYirlR8u7x5njjnrU5OaX+2clYb0hzc+YiX4ITfGDdc3liKNsUryr50vfERflUFq6QzEJZEpWJUzmecDVO+TgabFMg+vpQJF9ce7FRdFH Generated-by-Nova",
            "region": "kr-central-1",
            "user_id": "",
            "value_specs": null
          },
          "sensitive_attributes": [],
          "private": "bnVsbA=="
        }
      ]
    },
    {
      "mode": "managed",
      "type": "openstack_networking_floatingip_associate_v2",
      "name": "instance_fip_associate",
      "provider": "provider[\"registry.terraform.io/terraform-provider-openstack/openstack\"]",
      "instances": [
        {
          "schema_version": 0,
          "attributes": {
            "fixed_ip": "172.16.131.155",
            "floating_ip": "210.109.62.232",
            "id": "3d3e0ff5-b2db-4fa8-b8c8-b1aba45122ee",
            "port_id": "a3ded84b-a0b1-4658-9b9c-03d9e361fbe2",
            "region": "kr-central-1"
          },
          "sensitive_attributes": [],
          "private": "bnVsbA==",
          "dependencies": [
            "data.openstack_networking_network_v2.default_network",
            "data.openstack_networking_network_v2.floating_network",
            "openstack_networking_floatingip_v2.instance_fip",
            "openstack_networking_port_v2.instance",
            "openstack_networking_secgroup_v2.instance"
          ]
        }
      ]
    },
    {
      "mode": "managed",
      "type": "openstack_networking_floatingip_v2",
      "name": "instance_fip",
      "provider": "provider[\"registry.terraform.io/terraform-provider-openstack/openstack\"]",
      "instances": [
        {
          "schema_version": 0,
          "attributes": {
            "address": "210.109.62.232",
            "all_tags": [],
            "description": "",
            "dns_domain": "",
            "dns_name": "",
            "fixed_ip": "",
            "id": "3d3e0ff5-b2db-4fa8-b8c8-b1aba45122ee",
            "pool": "8a21053e-476e-46ed-a4ff-cdcc571b3389",
            "port_id": "",
            "region": "kr-central-1",
            "subnet_id": null,
            "subnet_ids": null,
            "tags": null,
            "tenant_id": "a103bfeb3e2643b6889d4d855ff63eee",
            "timeouts": null,
            "value_specs": null
          },
          "sensitive_attributes": [],
          "private": "eyJlMmJmYjczMC1lY2FhLTExZTYtOGY4OC0zNDM2M2JjN2M0YzAiOnsiY3JlYXRlIjo2MDAwMDAwMDAwMDAsImRlbGV0ZSI6NjAwMDAwMDAwMDAwfX0=",
          "dependencies": [
            "data.openstack_networking_network_v2.floating_network"
          ]
        }
      ]
    },
    {
      "mode": "managed",
      "type": "openstack_networking_port_v2",
      "name": "instance",
      "provider": "provider[\"registry.terraform.io/terraform-provider-openstack/openstack\"]",
      "instances": [
        {
          "schema_version": 0,
          "attributes": {
            "admin_state_up": true,
            "all_fixed_ips": [
              "172.16.131.155"
            ],
            "all_security_group_ids": [
              "c37c1e11-f883-411c-acda-76807b97816b"
            ],
            "all_tags": [],
            "allowed_address_pairs": [],
            "binding": [
              {
                "host_id": "",
                "profile": "",
                "vif_details": {},
                "vif_type": "",
                "vnic_type": "normal"
              }
            ],
            "description": "",
            "device_id": "",
            "device_owner": "",
            "dns_assignment": [
              {
                "fqdn": "host-172-16-131-155.kr-central-1.c.kakaoi.io.",
                "hostname": "host-172-16-131-155",
                "ip_address": "172.16.131.155"
              }
            ],
            "dns_name": "",
            "extra_dhcp_option": [],
            "fixed_ip": [],
            "id": "a3ded84b-a0b1-4658-9b9c-03d9e361fbe2",
            "mac_address": "fa:16:3e:8b:42:91",
            "name": "lena-tf-instance",
            "network_id": "cf859fde-8d6b-43ff-b795-43f4b8dedae6",
            "no_fixed_ip": null,
            "no_security_groups": null,
            "port_security_enabled": true,
            "qos_policy_id": "",
            "region": "kr-central-1",
            "security_group_ids": [
              "c37c1e11-f883-411c-acda-76807b97816b"
            ],
            "tags": null,
            "tenant_id": "a103bfeb3e2643b6889d4d855ff63eee",
            "timeouts": null,
            "value_specs": null
          },
          "sensitive_attributes": [],
          "private": "eyJlMmJmYjczMC1lY2FhLTExZTYtOGY4OC0zNDM2M2JjN2M0YzAiOnsiY3JlYXRlIjo2MDAwMDAwMDAwMDAsImRlbGV0ZSI6NjAwMDAwMDAwMDAwfX0=",
          "dependencies": [
            "data.openstack_networking_network_v2.default_network",
            "openstack_networking_secgroup_v2.instance"
          ]
        }
      ]
    },
    {
      "mode": "managed",
      "type": "openstack_networking_secgroup_rule_v2",
      "name": "instance_ingress_rules",
      "provider": "provider[\"registry.terraform.io/terraform-provider-openstack/openstack\"]",
      "instances": [
        {
          "schema_version": 0,
          "attributes": {
            "description": "",
            "direction": "ingress",
            "ethertype": "IPv4",
            "id": "23ed2abb-0761-4e43-b91d-a6877bb9814a",
            "port_range_max": 22,
            "port_range_min": 22,
            "protocol": "tcp",
            "region": "kr-central-1",
            "remote_group_id": "",
            "remote_ip_prefix": "",
            "security_group_id": "c37c1e11-f883-411c-acda-76807b97816b",
            "tenant_id": "a103bfeb3e2643b6889d4d855ff63eee",
            "timeouts": null
          },
          "sensitive_attributes": [],
          "private": "eyJlMmJmYjczMC1lY2FhLTExZTYtOGY4OC0zNDM2M2JjN2M0YzAiOnsiZGVsZXRlIjo2MDAwMDAwMDAwMDB9fQ==",
          "dependencies": [
            "openstack_networking_secgroup_v2.instance"
          ]
        }
      ]
    },
    {
      "mode": "managed",
      "type": "openstack_networking_secgroup_v2",
      "name": "instance",
      "provider": "provider[\"registry.terraform.io/terraform-provider-openstack/openstack\"]",
      "instances": [
        {
          "schema_version": 0,
          "attributes": {
            "all_tags": [],
            "delete_default_rules": null,
            "description": "description",
            "id": "c37c1e11-f883-411c-acda-76807b97816b",
            "name": "lena-tf-instance",
            "region": "kr-central-1",
            "tags": null,
            "tenant_id": "a103bfeb3e2643b6889d4d855ff63eee",
            "timeouts": null
          },
          "sensitive_attributes": [],
          "private": "eyJlMmJmYjczMC1lY2FhLTExZTYtOGY4OC0zNDM2M2JjN2M0YzAiOnsiZGVsZXRlIjo2MDAwMDAwMDAwMDB9fQ=="
        }
      ]
    },
    {
      "mode": "managed",
      "type": "openstack_objectstorage_container_v1",
      "name": "container-1",
      "provider": "provider[\"registry.terraform.io/terraform-provider-openstack/openstack\"]",
      "instances": [
        {
          "schema_version": 0,
          "attributes": {
            "container_read": null,
            "container_sync_key": null,
            "container_sync_to": null,
            "container_write": null,
            "content_type": "application/json",
            "force_destroy": false,
            "id": "lena-bucket",
            "metadata": null,
            "name": "lena-bucket",
            "region": "kr-central-1",
            "storage_policy": "hot",
            "versioning": []
          },
          "sensitive_attributes": [],
          "private": "bnVsbA=="
        }
      ]
    },
    {
      "mode": "managed",
      "type": "openstack_objectstorage_object_v1",
      "name": "file",
      "provider": "provider[\"registry.terraform.io/terraform-provider-openstack/openstack\"]",
      "instances": [
        {
          "schema_version": 0,
          "attributes": {
            "container_name": "lena-bucket",
            "content": null,
            "content_disposition": "",
            "content_encoding": "",
            "content_length": 27653,
            "content_type": "application/json",
            "copy_from": null,
            "date": "2023-01-04T09:08:03Z",
            "delete_after": null,
            "delete_at": null,
            "detect_content_type": false,
            "etag": "45537b53048eac7f6cea29c4dcbb78b3",
            "id": "lena-bucket/default.json",
            "last_modified": "2023-01-04T09:08:02Z",
            "metadata": null,
            "name": "default.json",
            "object_manifest": "",
            "region": "kr-central-1",
            "source": "./terraform.tfstate",
            "trans_id": "07884095-41f5-48e0-8f5d-d8e0a7b86294"
          },
          "sensitive_attributes": [],
          "private": "bnVsbA==",
          "dependencies": [
            "openstack_objectstorage_container_v1.container-1"
          ]
        }
      ]
    }
  ],
  "check_results": null
}
