{
  "version": 4,
  "terraform_version": "1.3.6",
  "serial": 684,
  "lineage": "8533b243-e46f-5ab2-0dd4-93a5d3d8985f",
  "outputs": {
    "current_workspace_name": {
      "value": "default",
      "type": "string"
    },
    "output_image_id": {
      "value": "2bdc81e6-85f6-46c8-8cb9-832be200dd2a",
      "type": "string"
    },
    "output_image_name": {
      "value": "Ubuntu 20.04",
      "type": "string"
    },
    "ssh_file": {
      "value": "./ex-vm-terraform.pem",
      "type": "string"
    }
  },
  "resources": [
    {
      "mode": "data",
      "type": "openstack_identity_auth_scope_v3",
      "name": "current",
      "provider": "provider[\"registry.terraform.io/terraform-provider-openstack/openstack\"]",
      "instances": [
        {
          "schema_version": 0,
          "attributes": {
            "domain_id": "",
            "domain_name": "",
            "id": "current",
            "name": "current",
            "project_domain_id": "91c77647d41747d79de02f51dc82b576",
            "project_domain_name": "kic-edu",
            "project_id": "a103bfeb3e2643b6889d4d855ff63eee",
            "project_name": "edu-project-27",
            "region": "kr-central-1",
            "roles": [
              {
                "role_id": "4ce45745bbaf42d09ea3fadcda0799c0",
                "role_name": "member"
              },
              {
                "role_id": "54245ce337294c4890de404305ee1a54",
                "role_name": "reader"
              },
              {
                "role_id": "c5f7f8a62de74675893681d59ac8db9b",
                "role_name": "load-balancer_member"
              },
              {
                "role_id": "fb3e663fadd540ab9da45442d47f04e9",
                "role_name": "admin"
              }
            ],
            "service_catalog": [
              {
                "endpoints": [
                  {
                    "id": "ee371fc459fc4d86a9ab13bbdf56a6d0",
                    "interface": "public",
                    "region": "kr-central-1",
                    "region_id": "kr-central-1",
                    "url": "https://dns.kr-central-1.kakaoi.io/"
                  }
                ],
                "id": "01e74ff226b54f388bddefa98849f590",
                "name": "designate",
                "type": "dns"
              },
              {
                "endpoints": [
                  {
                    "id": "a216ad2417b54c87927b799025efb02d",
                    "interface": "public",
                    "region": "kr-central-1",
                    "region_id": "kr-central-1",
                    "url": "https://load-balancer.kr-central-1.kakaoi.io/"
                  }
                ],
                "id": "15567dd96d3648cc8d92adbeabde9b6d",
                "name": "octavia",
                "type": "load-balancer"
              },
              {
                "endpoints": [
                  {
                    "id": "5a4d3a37347b4dbf8bb88c52ebd0a40d",
                    "interface": "public",
                    "region": "kr-central-1",
                    "region_id": "kr-central-1",
                    "url": "https://key-manager.kr-central-1.kakaoi.io/"
                  }
                ],
                "id": "30f294f8d5fb4a7abd90beaadcff76da",
                "name": "barbican",
                "type": "key-manager"
              },
              {
                "endpoints": [
                  {
                    "id": "566dd677194b451fada8ce3cde0a1265",
                    "interface": "public",
                    "region": "kr-central-1",
                    "region_id": "kr-central-1",
                    "url": "https://network.kr-central-1.kakaoi.io/"
                  }
                ],
                "id": "34e2897d0b8b4220b6df03ff33305033",
                "name": "neutron",
                "type": "network"
              },
              {
                "endpoints": [
                  {
                    "id": "a420b1d564974fa4a63653512423c571",
                    "interface": "public",
                    "region": "kr-central-1",
                    "region_id": "kr-central-1",
                    "url": "https://image.kr-central-1.kakaoi.io/"
                  }
                ],
                "id": "4028ded8a627468eb97a3d1f6c096e9e",
                "name": "glance",
                "type": "image"
              },
              {
                "endpoints": [
                  {
                    "id": "59f02a4d68914f708b1ec98bc24df659",
                    "interface": "public",
                    "region": "kr-central-1",
                    "region_id": "kr-central-1",
                    "url": "https://identity.kr-central-1.kakaoi.io/v3"
                  }
                ],
                "id": "4d1fe04a48d24100a85f322523f614b6",
                "name": "keystone",
                "type": "identity"
              },
              {
                "endpoints": [
                  {
                    "id": "7a2038866cbd448680569eb67c9e5a3b",
                    "interface": "public",
                    "region": "kr-central-1",
                    "region_id": "kr-central-1",
                    "url": "https://compute.kr-central-1.kakaoi.io/v2.1/a103bfeb3e2643b6889d4d855ff63eee"
                  }
                ],
                "id": "80e6dc9c42b149beb1987a05a8073f8e",
                "name": "nova",
                "type": "compute"
              },
              {
                "endpoints": [
                  {
                    "id": "5994bd371eda4777a18be21c747b1447",
                    "interface": "public",
                    "region": "kr-central-1",
                    "region_id": "kr-central-1",
                    "url": "https://placement.kr-central-1.kakaoi.io/"
                  }
                ],
                "id": "882c6c1d74aa4bb7b2fd4d61db096add",
                "name": "placement",
                "type": "placement"
              },
              {
                "endpoints": [
                  {
                    "id": "9325f23977db4f90bd42361133d75b60",
                    "interface": "public",
                    "region": "kr-central-1",
                    "region_id": "kr-central-1",
                    "url": "https://baremetal.kr-central-1.kakaoi.in/"
                  }
                ],
                "id": "8a0e0c0be3854d7da810e9e11a1b61c0",
                "name": "ironic",
                "type": "baremetal"
              },
              {
                "endpoints": [
                  {
                    "id": "7eed715d765e4db9a190ae94327cb697",
                    "interface": "public",
                    "region": "kr-central-1",
                    "region_id": "kr-central-1",
                    "url": "https://objectstorage.kr-central-1.kakaoi.io/v1/a103bfeb3e2643b6889d4d855ff63eee"
                  }
                ],
                "id": "8d77cee27de540aa92b505d69ac08fda",
                "name": "swift",
                "type": "object-store"
              },
              {
                "endpoints": [
                  {
                    "id": "38171e46d8f24d808656f650763e2e31",
                    "interface": "public",
                    "region": "kr-central-1",
                    "region_id": "kr-central-1",
                    "url": "https://orchestration.kr-central-1.kakaoi.in/v1/a103bfeb3e2643b6889d4d855ff63eee"
                  }
                ],
                "id": "b6783904c05e4ec88e95dd0c88c50839",
                "name": "heat",
                "type": "orchestration"
              },
              {
                "endpoints": [
                  {
                    "id": "9610ae7384c4484299df2f412cc980b2",
                    "interface": "public",
                    "region": "kr-central-1",
                    "region_id": "kr-central-1",
                    "url": "https://clustering.kr-central-1.kakaoi.in/"
                  }
                ],
                "id": "cdce4d0cbf804e8882068dcfd15aed0e",
                "name": "senlin",
                "type": "clustering"
              },
              {
                "endpoints": [
                  {
                    "id": "7d5d5e8e0aaf495dbb6ae44c8f252bf7",
                    "interface": "public",
                    "region": "kr-central-1",
                    "region_id": "kr-central-1",
                    "url": "https://volume.kr-central-1.kakaoi.io/v3/a103bfeb3e2643b6889d4d855ff63eee"
                  }
                ],
                "id": "e68a5cbd22af414e9b381b337668739a",
                "name": "cinderv3",
                "type": "volumev3"
              }
            ],
            "user_domain_id": "91c77647d41747d79de02f51dc82b576",
            "user_domain_name": "kic-edu",
            "user_id": "902fe1fdb28244f99906c6a5aedbca94",
            "user_name": "lena.o@kakaoenterprise.com"
          },
          "sensitive_attributes": []
        }
      ]
    },
    {
      "mode": "data",
      "type": "openstack_images_image_v2",
      "name": "default_image",
      "provider": "provider[\"registry.terraform.io/terraform-provider-openstack/openstack\"]",
      "instances": [
        {
          "schema_version": 0,
          "attributes": {
            "checksum": "31deac08585c4167a7d7ddeef1a1ac7d",
            "container_format": "bare",
            "created_at": "2022-09-29T07:04:13Z",
            "disk_format": "qcow2",
            "file": "/v2/images/2bdc81e6-85f6-46c8-8cb9-832be200dd2a/file",
            "hidden": false,
            "id": "2bdc81e6-85f6-46c8-8cb9-832be200dd2a",
            "member_status": null,
            "metadata": {},
            "min_disk_gb": 10,
            "min_ram_mb": 0,
            "most_recent": false,
            "name": "Ubuntu 20.04",
            "owner": "faadcbd4ea464395b3d5d66bfc01c291",
            "properties": {
              "description": "Ubuntu Server 20.04 LTS for Virtual Machine",
              "hw_vif_multiqueue_enabled": "True",
              "instance_type": "vm",
              "os_admin": "ubuntu",
              "os_distro": "ubuntu",
              "os_hash_algo": "sha512",
              "os_hash_value": "ce5c4e93249eb35e2537a7a042bd44381a01b1f14d686ec7a56bf04c03d35afd4700cda2fb7c7a42eff1d0008228a1b55b11ef55d62316a53b542d450929d363",
              "os_market": "False",
              "os_version": "20.04",
              "owner_specified.openstack.md5": "",
              "owner_specified.openstack.object": "images/Ubuntu-20.04-Test",
              "owner_specified.openstack.sha256": ""
            },
            "protected": true,
            "region": "kr-central-1",
            "schema": "/v2/schemas/image",
            "size_bytes": 602931200,
            "size_max": null,
            "size_min": null,
            "sort_direction": "asc",
            "sort_key": "name",
            "tag": null,
            "tags": [],
            "updated_at": "2022-09-30T02:24:37Z",
            "visibility": "public"
          },
          "sensitive_attributes": []
        }
      ]
    },
    {
      "mode": "data",
      "type": "openstack_networking_network_v2",
      "name": "default_network",
      "provider": "provider[\"registry.terraform.io/terraform-provider-openstack/openstack\"]",
      "instances": [
        {
          "schema_version": 0,
          "attributes": {
            "admin_state_up": "true",
            "all_tags": [],
            "availability_zone_hints": [
              "kr-central-1-a"
            ],
            "description": "",
            "dns_domain": "",
            "external": false,
            "id": "cf859fde-8d6b-43ff-b795-43f4b8dedae6",
            "matching_subnet_cidr": "172.16.131.0/24",
            "mtu": 1500,
            "name": "edu-subnet-web_45f7ee44-64b8-4cdb-812c-b5456ee98877",
            "network_id": null,
            "region": "kr-central-1",
            "shared": "true",
            "status": null,
            "subnets": [
              "e26baa8a-1ed1-45e0-aaae-c8c0ce6971f3"
            ],
            "tags": null,
            "tenant_id": "c633dd67b01046b2aa98f605fbed279e",
            "transparent_vlan": false
          },
          "sensitive_attributes": []
        }
      ]
    },
    {
      "mode": "data",
      "type": "openstack_networking_network_v2",
      "name": "floating_network",
      "provider": "provider[\"registry.terraform.io/terraform-provider-openstack/openstack\"]",
      "instances": [
        {
          "schema_version": 0,
          "attributes": {
            "admin_state_up": "true",
            "all_tags": [],
            "availability_zone_hints": [
              "kr-central-1-a"
            ],
            "description": "",
            "dns_domain": "",
            "external": false,
            "id": "041ff088-b792-41cb-8ad4-72bd0d1a3814",
            "matching_subnet_cidr": null,
            "mtu": 1500,
            "name": "8a21053e-476e-46ed-a4ff-cdcc571b3389",
            "network_id": null,
            "region": "kr-central-1",
            "shared": "false",
            "status": null,
            "subnets": [
              "be4c3856-1414-4ce4-a3da-4e8656c366e5"
            ],
            "tags": null,
            "tenant_id": "b66d817f382a42f6b41f133712879463",
            "transparent_vlan": false
          },
          "sensitive_attributes": []
        }
      ]
    },
    {
      "mode": "data",
      "type": "openstack_networking_subnet_v2",
      "name": "default_subnet",
      "provider": "provider[\"registry.terraform.io/terraform-provider-openstack/openstack\"]",
      "instances": [
        {
          "schema_version": 0,
          "attributes": {
            "all_tags": [],
            "allocation_pools": [
              {
                "end": "172.16.131.254",
                "start": "172.16.131.4"
              }
            ],
            "cidr": "172.16.131.0/24",
            "description": "",
            "dhcp_disabled": null,
            "dhcp_enabled": null,
            "dns_nameservers": [
              "1.0.0.1",
              "1.1.1.1"
            ],
            "enable_dhcp": true,
            "gateway_ip": "172.16.131.1",
            "host_routes": [],
            "id": "e26baa8a-1ed1-45e0-aaae-c8c0ce6971f3",
            "ip_version": 4,
            "ipv6_address_mode": "",
            "ipv6_ra_mode": "",
            "name": "edu-subnet-web_45f7ee44-64b8-4cdb-812c-b5456ee98877",
            "network_id": "cf859fde-8d6b-43ff-b795-43f4b8dedae6",
            "region": "kr-central-1",
            "service_types": [],
            "subnet_id": null,
            "subnetpool_id": "fb179b3e-e898-4713-81ea-bbbc95898909",
            "tags": null,
            "tenant_id": "c633dd67b01046b2aa98f605fbed279e"
          },
          "sensitive_attributes": []
        }
      ]
    },
    {
      "mode": "managed",
      "type": "local_file",
      "name": "key",
      "provider": "provider[\"registry.terraform.io/hashicorp/local\"]",
      "instances": [
        {
          "schema_version": 0,
          "attributes": {
            "content": "-----BEGIN RSA PRIVATE KEY-----\nMIIEowIBAAKCAQEA5nYMr2B8mbxNwCuPR8EZ8FCsC7DoLLU7pZAwZSbDUuAHotzW\ngscIf3Zte4cqiTnPwhOAsdtd8YmO6Rgct5jqw+Z2bbRDnfwZrki/C5byyFoOvP7y\nkPS6A5L1Z4MmHRFgRwmjiJxf0Kw6WqhZqGoDX3DLGSZi5bhZnvNp55RHDpTNgezZ\nXQl305AYYn19I8WP3Mm3gM+m1FPIlUPfyNzi8gAMdQfgt8RPt+fRkqxAqnlrcr/N\npyIOo4My2c0ypXEJfUDQlq+sB17R4KKCEj761x8Unc+5Xa3xMJWmyBsjBx7BeaZz\nrTYqSPE/Xf06YnIAD32UCI3fnR0ksTx3AXZ2lQIDAQABAoIBAQDOS7P1NXC0CVyr\n/hInEBMRDJXFbVmX06+N9/FqSnWj9QjA3+BhdpsDxlYgspD//7EbMGwOSajhctpr\ni3sBWjAkpmMytp+khyvR2CqzzC6N7BevVKR736W3V1C3lS2D7a76SAWMXzZhzBn8\nVyDS4fsc7xHO9I6oxgnrgEc31oJ46EXgeREvKdHFRl3Zj1Hxgk2qYjENyBojh5hE\nXLESpg3ilDbz0ysCDX7EGA0Dlj7xdbUOUE3bQbjuqVU5qKnqcDJWTN7mKb5nyBpl\nWJajVcDByo7f9wf/FBbWFkNd2dor5QuO/cLbhP/Ph1W6i0SUgUFexmosKbTN4PrG\nV29zRRWBAoGBAPVYsvL+Jicv/0vO5B81PFE3H1Zja04S53q3PRrhPEgadASiYv67\nhiednbt/ZiPRfyNjytAuCCD3q35rE8uJ2aiyMuXpVYZemzw4WvBWudWJzaKkqJ4Q\nIe1273zke/uEc99+HtNPDxyllR51+IJkSR2rZoWpRbf5qv4uogn0wE/hAoGBAPB3\n4hkhAEcOQktmneB5c3OKqKq2z/hwtBEtIgO7lDoV/w+zAZvpPaR8GFxXlmCb/KYU\ndUeSVZocv9cD7i8ubvz096XHEKH54lOWinu1fNhumEU/La27l4SOQ56E1MWSP+K+\n/E9Hd0rro/xHBrd/D8EFa1IRrWGRtmfP/CCKh401AoGAcip0Gt5oopOTGJONU3hS\nOPiNfIWGyS3CyTe7F2b3xhWJJx7pMd/Q7V5Kp5UA0moJ303wci75WV3mT01ESNI8\nlmNVi+aoBX7AfaU7q9qvXs5hAe3dCLA5GWbeyh8IEmHwCW+GqI2BWrMyUJpUqVhB\nLa00Z7380z86ck0A2eEqHAECgYBnRBRkljd4TDdMChVigMWDqNgl97v4BO5PMgKZ\nd8R/7VJLe6QFQHSoXmJXxYVel5439DEpOz5noFECFT4EJPykxM5U8tfBt33qR4vQ\n9G9YwqXBlxAWu6il1DJVsNVuww+MYFgZ86bXFbqmbBoGUxqA2cLsy4qZi+m5SygL\nEXKEwQKBgBVmoPUlWjmIuLI6Qxh7FGu44HyR/e2xYe4m0rSsh9osf5m3oVOGTthk\ni4bwFFXSu8xnZ1P8HqwSpbrIo5gjHF0y6hqUBeV9DBGhnSGhQn5J7txI4CFcJfF5\nmLMKZw5o9X2Bs/Cbfp9Q6UV8Jk//xaERk7VE7+GBf09RzEi57e1H\n-----END RSA PRIVATE KEY-----\n",
            "content_base64": null,
            "directory_permission": "0777",
            "file_permission": "0600",
            "filename": "./ex-vm-terraform.pem",
            "id": "accdad2d1ebba7051b4f15e2ec616430545ede8c",
            "sensitive_content": null,
            "source": null
          },
          "sensitive_attributes": [],
          "private": "bnVsbA==",
          "dependencies": [
            "openstack_compute_keypair_v2.test-keypair"
          ]
        }
      ]
    },
    {
      "mode": "managed",
      "type": "openstack_blockstorage_volume_v3",
      "name": "volume",
      "provider": "provider[\"registry.terraform.io/terraform-provider-openstack/openstack\"]",
      "instances": [
        {
          "schema_version": 0,
          "attributes": {
            "attachment": [],
            "availability_zone": "kr-central-1-a",
            "consistency_group_id": null,
            "description": "first test volume",
            "enable_online_resize": null,
            "id": "8653adf1-5cc2-45bd-ba4a-131abb7c8867",
            "image_id": null,
            "metadata": {},
            "multiattach": null,
            "name": "test-volume",
            "region": "kr-central-1",
            "scheduler_hints": [],
            "size": 3,
            "snapshot_id": "",
            "source_replica": null,
            "source_vol_id": "",
            "timeouts": null,
            "volume_type": "gp1"
          },
          "sensitive_attributes": [],
          "private": "eyJlMmJmYjczMC1lY2FhLTExZTYtOGY4OC0zNDM2M2JjN2M0YzAiOnsiY3JlYXRlIjo2MDAwMDAwMDAwMDAsImRlbGV0ZSI6NjAwMDAwMDAwMDAwfX0="
        }
      ]
    },
    {
      "mode": "managed",
      "type": "openstack_compute_instance_v2",
      "name": "instance",
      "provider": "provider[\"registry.terraform.io/terraform-provider-openstack/openstack\"]",
      "instances": [
        {
          "schema_version": 0,
          "attributes": {
            "access_ip_v4": "172.16.131.73",
            "access_ip_v6": "",
            "admin_pass": null,
            "all_metadata": {},
            "all_tags": [],
            "availability_zone": "kr-central-1-a",
            "availability_zone_hints": null,
            "block_device": [
              {
                "boot_index": 0,
                "delete_on_termination": false,
                "destination_type": "local",
                "device_type": "",
                "disk_bus": "",
                "guest_format": "",
                "source_type": "image",
                "uuid": "2bdc81e6-85f6-46c8-8cb9-832be200dd2a",
                "volume_size": 0,
                "volume_type": ""
              },
              {
                "boot_index": 1,
                "delete_on_termination": true,
                "destination_type": "volume",
                "device_type": "",
                "disk_bus": "",
                "guest_format": "",
                "source_type": "volume",
                "uuid": "8653adf1-5cc2-45bd-ba4a-131abb7c8867",
                "volume_size": 3,
                "volume_type": ""
              }
            ],
            "config_drive": null,
            "created": "2023-01-06 09:25:28 +0000 UTC",
            "flavor_id": "caf7cf76-2bca-488a-b970-55ab3c2d3042",
            "flavor_name": "a1-2-co",
            "floating_ip": null,
            "force_delete": false,
            "id": "ed370cf6-ce73-4092-be00-27a6a0a304e2",
            "image_id": "2bdc81e6-85f6-46c8-8cb9-832be200dd2a",
            "image_name": "Ubuntu 20.04",
            "key_pair": "my-keypair",
            "metadata": null,
            "name": "lena-tf-instance",
            "network": [
              {
                "access_network": false,
                "fixed_ip_v4": "172.16.131.73",
                "fixed_ip_v6": "",
                "floating_ip": "",
                "mac": "fa:16:3e:37:60:eb",
                "name": "edu-subnet-web_45f7ee44-64b8-4cdb-812c-b5456ee98877",
                "port": "c0a52ad8-8065-41b4-8faf-3d49558af214",
                "uuid": "cf859fde-8d6b-43ff-b795-43f4b8dedae6"
              }
            ],
            "network_mode": null,
            "personality": [],
            "power_state": "active",
            "region": "kr-central-1",
            "scheduler_hints": [],
            "security_groups": [
              "lena-tf-instance"
            ],
            "stop_before_destroy": false,
            "tags": null,
            "timeouts": null,
            "updated": "2023-01-06 09:25:44 +0000 UTC",
            "user_data": null,
            "vendor_options": [],
            "volume": []
          },
          "sensitive_attributes": [],
          "private": "eyJlMmJmYjczMC1lY2FhLTExZTYtOGY4OC0zNDM2M2JjN2M0YzAiOnsiY3JlYXRlIjoxODAwMDAwMDAwMDAwLCJkZWxldGUiOjE4MDAwMDAwMDAwMDAsInVwZGF0ZSI6MTgwMDAwMDAwMDAwMH19",
          "dependencies": [
            "data.openstack_images_image_v2.default_image",
            "data.openstack_networking_network_v2.default_network",
            "openstack_blockstorage_volume_v3.volume",
            "openstack_compute_keypair_v2.test-keypair",
            "openstack_networking_port_v2.instance",
            "openstack_networking_secgroup_v2.instance"
          ]
        }
      ]
    },
    {
      "mode": "managed",
      "type": "openstack_compute_keypair_v2",
      "name": "test-keypair",
      "provider": "provider[\"registry.terraform.io/terraform-provider-openstack/openstack\"]",
      "instances": [
        {
          "schema_version": 0,
          "attributes": {
            "fingerprint": "5d:e5:2a:3e:6a:a4:87:2a:68:d5:e9:95:df:e6:23:8a",
            "id": "my-keypair",
            "name": "my-keypair",
            "private_key": "-----BEGIN RSA PRIVATE KEY-----\nMIIEowIBAAKCAQEA5nYMr2B8mbxNwCuPR8EZ8FCsC7DoLLU7pZAwZSbDUuAHotzW\ngscIf3Zte4cqiTnPwhOAsdtd8YmO6Rgct5jqw+Z2bbRDnfwZrki/C5byyFoOvP7y\nkPS6A5L1Z4MmHRFgRwmjiJxf0Kw6WqhZqGoDX3DLGSZi5bhZnvNp55RHDpTNgezZ\nXQl305AYYn19I8WP3Mm3gM+m1FPIlUPfyNzi8gAMdQfgt8RPt+fRkqxAqnlrcr/N\npyIOo4My2c0ypXEJfUDQlq+sB17R4KKCEj761x8Unc+5Xa3xMJWmyBsjBx7BeaZz\nrTYqSPE/Xf06YnIAD32UCI3fnR0ksTx3AXZ2lQIDAQABAoIBAQDOS7P1NXC0CVyr\n/hInEBMRDJXFbVmX06+N9/FqSnWj9QjA3+BhdpsDxlYgspD//7EbMGwOSajhctpr\ni3sBWjAkpmMytp+khyvR2CqzzC6N7BevVKR736W3V1C3lS2D7a76SAWMXzZhzBn8\nVyDS4fsc7xHO9I6oxgnrgEc31oJ46EXgeREvKdHFRl3Zj1Hxgk2qYjENyBojh5hE\nXLESpg3ilDbz0ysCDX7EGA0Dlj7xdbUOUE3bQbjuqVU5qKnqcDJWTN7mKb5nyBpl\nWJajVcDByo7f9wf/FBbWFkNd2dor5QuO/cLbhP/Ph1W6i0SUgUFexmosKbTN4PrG\nV29zRRWBAoGBAPVYsvL+Jicv/0vO5B81PFE3H1Zja04S53q3PRrhPEgadASiYv67\nhiednbt/ZiPRfyNjytAuCCD3q35rE8uJ2aiyMuXpVYZemzw4WvBWudWJzaKkqJ4Q\nIe1273zke/uEc99+HtNPDxyllR51+IJkSR2rZoWpRbf5qv4uogn0wE/hAoGBAPB3\n4hkhAEcOQktmneB5c3OKqKq2z/hwtBEtIgO7lDoV/w+zAZvpPaR8GFxXlmCb/KYU\ndUeSVZocv9cD7i8ubvz096XHEKH54lOWinu1fNhumEU/La27l4SOQ56E1MWSP+K+\n/E9Hd0rro/xHBrd/D8EFa1IRrWGRtmfP/CCKh401AoGAcip0Gt5oopOTGJONU3hS\nOPiNfIWGyS3CyTe7F2b3xhWJJx7pMd/Q7V5Kp5UA0moJ303wci75WV3mT01ESNI8\nlmNVi+aoBX7AfaU7q9qvXs5hAe3dCLA5GWbeyh8IEmHwCW+GqI2BWrMyUJpUqVhB\nLa00Z7380z86ck0A2eEqHAECgYBnRBRkljd4TDdMChVigMWDqNgl97v4BO5PMgKZ\nd8R/7VJLe6QFQHSoXmJXxYVel5439DEpOz5noFECFT4EJPykxM5U8tfBt33qR4vQ\n9G9YwqXBlxAWu6il1DJVsNVuww+MYFgZ86bXFbqmbBoGUxqA2cLsy4qZi+m5SygL\nEXKEwQKBgBVmoPUlWjmIuLI6Qxh7FGu44HyR/e2xYe4m0rSsh9osf5m3oVOGTthk\ni4bwFFXSu8xnZ1P8HqwSpbrIo5gjHF0y6hqUBeV9DBGhnSGhQn5J7txI4CFcJfF5\nmLMKZw5o9X2Bs/Cbfp9Q6UV8Jk//xaERk7VE7+GBf09RzEi57e1H\n-----END RSA PRIVATE KEY-----\n",
            "public_key": "ssh-rsa AAAAB3NzaC1yc2EAAAADAQABAAABAQDmdgyvYHyZvE3AK49HwRnwUKwLsOgstTulkDBlJsNS4Aei3NaCxwh/dm17hyqJOc/CE4Cx213xiY7pGBy3mOrD5nZttEOd/BmuSL8LlvLIWg68/vKQ9LoDkvVngyYdEWBHCaOInF/QrDpaqFmoagNfcMsZJmLluFme82nnlEcOlM2B7NldCXfTkBhifX0jxY/cybeAz6bUU8iVQ9/I3OLyAAx1B+C3xE+359GSrECqeWtyv82nIg6jgzLZzTKlcQl9QNCWr6wHXtHgooISPvrXHxSdz7ldrfEwlabIGyMHHsF5pnOtNipI8T9d/TpicgAPfZQIjd+dHSSxPHcBdnaV Generated-by-Nova",
            "region": "kr-central-1",
            "user_id": "",
            "value_specs": null
          },
          "sensitive_attributes": [],
          "private": "bnVsbA=="
        }
      ]
    },
    {
      "mode": "managed",
      "type": "openstack_networking_floatingip_associate_v2",
      "name": "instance_fip_associate",
      "provider": "provider[\"registry.terraform.io/terraform-provider-openstack/openstack\"]",
      "instances": [
        {
          "schema_version": 0,
          "attributes": {
            "fixed_ip": "172.16.131.73",
            "floating_ip": "210.109.60.243",
            "id": "b6d04645-12ca-4d9f-aafa-fbd092dea13f",
            "port_id": "c0a52ad8-8065-41b4-8faf-3d49558af214",
            "region": "kr-central-1"
          },
          "sensitive_attributes": [],
          "private": "bnVsbA==",
          "dependencies": [
            "data.openstack_networking_network_v2.default_network",
            "data.openstack_networking_network_v2.floating_network",
            "openstack_networking_floatingip_v2.instance_fip",
            "openstack_networking_port_v2.instance",
            "openstack_networking_secgroup_v2.instance"
          ]
        }
      ]
    },
    {
      "mode": "managed",
      "type": "openstack_networking_floatingip_v2",
      "name": "instance_fip",
      "provider": "provider[\"registry.terraform.io/terraform-provider-openstack/openstack\"]",
      "instances": [
        {
          "schema_version": 0,
          "attributes": {
            "address": "210.109.60.243",
            "all_tags": [],
            "description": "",
            "dns_domain": "",
            "dns_name": "",
            "fixed_ip": "",
            "id": "b6d04645-12ca-4d9f-aafa-fbd092dea13f",
            "pool": "8a21053e-476e-46ed-a4ff-cdcc571b3389",
            "port_id": "",
            "region": "kr-central-1",
            "subnet_id": null,
            "subnet_ids": null,
            "tags": null,
            "tenant_id": "a103bfeb3e2643b6889d4d855ff63eee",
            "timeouts": null,
            "value_specs": null
          },
          "sensitive_attributes": [],
          "private": "eyJlMmJmYjczMC1lY2FhLTExZTYtOGY4OC0zNDM2M2JjN2M0YzAiOnsiY3JlYXRlIjo2MDAwMDAwMDAwMDAsImRlbGV0ZSI6NjAwMDAwMDAwMDAwfX0=",
          "dependencies": [
            "data.openstack_networking_network_v2.floating_network"
          ]
        }
      ]
    },
    {
      "mode": "managed",
      "type": "openstack_networking_port_v2",
      "name": "instance",
      "provider": "provider[\"registry.terraform.io/terraform-provider-openstack/openstack\"]",
      "instances": [
        {
          "schema_version": 0,
          "attributes": {
            "admin_state_up": true,
            "all_fixed_ips": [
              "172.16.131.73"
            ],
            "all_security_group_ids": [
              "821a6dd3-adad-45dd-b3b2-171732f41cd6"
            ],
            "all_tags": [],
            "allowed_address_pairs": [],
            "binding": [
              {
                "host_id": "",
                "profile": "",
                "vif_details": {},
                "vif_type": "",
                "vnic_type": "normal"
              }
            ],
            "description": "",
            "device_id": "",
            "device_owner": "",
            "dns_assignment": [
              {
                "fqdn": "host-172-16-131-73.kr-central-1.c.kakaoi.io.",
                "hostname": "host-172-16-131-73",
                "ip_address": "172.16.131.73"
              }
            ],
            "dns_name": "",
            "extra_dhcp_option": [],
            "fixed_ip": [],
            "id": "c0a52ad8-8065-41b4-8faf-3d49558af214",
            "mac_address": "fa:16:3e:37:60:eb",
            "name": "lena-tf-instance",
            "network_id": "cf859fde-8d6b-43ff-b795-43f4b8dedae6",
            "no_fixed_ip": null,
            "no_security_groups": null,
            "port_security_enabled": true,
            "qos_policy_id": "",
            "region": "kr-central-1",
            "security_group_ids": [
              "821a6dd3-adad-45dd-b3b2-171732f41cd6"
            ],
            "tags": null,
            "tenant_id": "a103bfeb3e2643b6889d4d855ff63eee",
            "timeouts": null,
            "value_specs": null
          },
          "sensitive_attributes": [],
          "private": "eyJlMmJmYjczMC1lY2FhLTExZTYtOGY4OC0zNDM2M2JjN2M0YzAiOnsiY3JlYXRlIjo2MDAwMDAwMDAwMDAsImRlbGV0ZSI6NjAwMDAwMDAwMDAwfX0=",
          "dependencies": [
            "data.openstack_networking_network_v2.default_network",
            "openstack_networking_secgroup_v2.instance"
          ]
        }
      ]
    },
    {
      "mode": "managed",
      "type": "openstack_networking_secgroup_rule_v2",
      "name": "instance_ingress_rules",
      "provider": "provider[\"registry.terraform.io/terraform-provider-openstack/openstack\"]",
      "instances": [
        {
          "schema_version": 0,
          "attributes": {
            "description": "",
            "direction": "ingress",
            "ethertype": "IPv4",
            "id": "cfc142f5-ab46-447a-820d-2f7f56807ccb",
            "port_range_max": 22,
            "port_range_min": 22,
            "protocol": "tcp",
            "region": "kr-central-1",
            "remote_group_id": "",
            "remote_ip_prefix": "",
            "security_group_id": "821a6dd3-adad-45dd-b3b2-171732f41cd6",
            "tenant_id": "a103bfeb3e2643b6889d4d855ff63eee",
            "timeouts": null
          },
          "sensitive_attributes": [],
          "private": "eyJlMmJmYjczMC1lY2FhLTExZTYtOGY4OC0zNDM2M2JjN2M0YzAiOnsiZGVsZXRlIjo2MDAwMDAwMDAwMDB9fQ==",
          "dependencies": [
            "openstack_networking_secgroup_v2.instance"
          ]
        }
      ]
    },
    {
      "mode": "managed",
      "type": "openstack_networking_secgroup_v2",
      "name": "instance",
      "provider": "provider[\"registry.terraform.io/terraform-provider-openstack/openstack\"]",
      "instances": [
        {
          "schema_version": 0,
          "attributes": {
            "all_tags": [],
            "delete_default_rules": null,
            "description": "description",
            "id": "821a6dd3-adad-45dd-b3b2-171732f41cd6",
            "name": "lena-tf-instance",
            "region": "kr-central-1",
            "tags": null,
            "tenant_id": "a103bfeb3e2643b6889d4d855ff63eee",
            "timeouts": null
          },
          "sensitive_attributes": [],
          "private": "eyJlMmJmYjczMC1lY2FhLTExZTYtOGY4OC0zNDM2M2JjN2M0YzAiOnsiZGVsZXRlIjo2MDAwMDAwMDAwMDB9fQ=="
        }
      ]
    },
    {
      "mode": "managed",
      "type": "openstack_objectstorage_container_v1",
      "name": "container-1",
      "provider": "provider[\"registry.terraform.io/terraform-provider-openstack/openstack\"]",
      "instances": [
        {
          "schema_version": 0,
          "attributes": {
            "container_read": null,
            "container_sync_key": null,
            "container_sync_to": null,
            "container_write": null,
            "content_type": "application/json",
            "force_destroy": false,
            "id": "lena-bucket",
            "metadata": null,
            "name": "lena-bucket",
            "region": "kr-central-1",
            "storage_policy": "hot",
            "versioning": []
          },
          "sensitive_attributes": [],
          "private": "bnVsbA=="
        }
      ]
    },
    {
      "mode": "managed",
      "type": "openstack_objectstorage_object_v1",
      "name": "file",
      "provider": "provider[\"registry.terraform.io/terraform-provider-openstack/openstack\"]",
      "instances": [
        {
          "schema_version": 0,
          "attributes": {
            "container_name": "lena-bucket",
            "content": null,
            "content_disposition": "",
            "content_encoding": "",
            "content_length": 23509,
            "content_type": "application/json",
            "copy_from": null,
            "date": "2023-01-06T09:25:15Z",
            "delete_after": null,
            "delete_at": null,
            "detect_content_type": false,
            "etag": "6b2be3c9a0297a394696acdddf30c935",
            "id": "lena-bucket/tf-state.json",
            "last_modified": "2023-01-06T09:25:15Z",
            "metadata": null,
            "name": "tf-state.json",
            "object_manifest": "",
            "region": "kr-central-1",
            "source": "./terraform.tfstate",
            "trans_id": "887d70bb-8883-4997-8a15-bb6afc8387a5"
          },
          "sensitive_attributes": [],
          "private": "bnVsbA==",
          "dependencies": [
            "openstack_objectstorage_container_v1.container-1"
          ]
        }
      ]
    }
  ],
  "check_results": null
}
